// !$*UTF8*$!
{
	archiveVersion = 1;
	classes = {
	};
	objectVersion = 50;
	objects = {

/* Begin PBXBuildFile section */
		A342F24722C7C37600E8D426 /* AppDelegate.swift in Sources */ = {isa = PBXBuildFile; fileRef = A342F24622C7C37600E8D426 /* AppDelegate.swift */; };
		A342F24922C7C37600E8D426 /* ViewController.swift in Sources */ = {isa = PBXBuildFile; fileRef = A342F24822C7C37600E8D426 /* ViewController.swift */; };
		A342F24C22C7C37600E8D426 /* Main.storyboard in Resources */ = {isa = PBXBuildFile; fileRef = A342F24A22C7C37600E8D426 /* Main.storyboard */; };
		A342F24E22C7C37900E8D426 /* Assets.xcassets in Resources */ = {isa = PBXBuildFile; fileRef = A342F24D22C7C37900E8D426 /* Assets.xcassets */; };
		A342F25122C7C37900E8D426 /* LaunchScreen.storyboard in Resources */ = {isa = PBXBuildFile; fileRef = A342F24F22C7C37900E8D426 /* LaunchScreen.storyboard */; };
		A342F25F22C7C3BA00E8D426 /* LayoutDimension.swift in Sources */ = {isa = PBXBuildFile; fileRef = A342F25922C7C3BA00E8D426 /* LayoutDimension.swift */; };
		A342F26022C7C3BA00E8D426 /* UIView+layout.swift in Sources */ = {isa = PBXBuildFile; fileRef = A342F25A22C7C3BA00E8D426 /* UIView+layout.swift */; };
		A342F26122C7C3BA00E8D426 /* LayoutDimensionProperty.swift in Sources */ = {isa = PBXBuildFile; fileRef = A342F25B22C7C3BA00E8D426 /* LayoutDimensionProperty.swift */; };
		A342F26222C7C3BA00E8D426 /* LayoutAnchor.swift in Sources */ = {isa = PBXBuildFile; fileRef = A342F25C22C7C3BA00E8D426 /* LayoutAnchor.swift */; };
		A342F26322C7C3BA00E8D426 /* LayoutAnchorProperty.swift in Sources */ = {isa = PBXBuildFile; fileRef = A342F25D22C7C3BA00E8D426 /* LayoutAnchorProperty.swift */; };
		A342F26422C7C3BA00E8D426 /* LayoutProxy.swift in Sources */ = {isa = PBXBuildFile; fileRef = A342F25E22C7C3BA00E8D426 /* LayoutProxy.swift */; };
		A365946522C9849F0055AF70 /* OperatorsOverloading.swift in Sources */ = {isa = PBXBuildFile; fileRef = A365946422C9849F0055AF70 /* OperatorsOverloading.swift */; };
/* End PBXBuildFile section */

/* Begin PBXFileReference section */
		A342F24322C7C37600E8D426 /* delayout.app */ = {isa = PBXFileReference; explicitFileType = wrapper.application; includeInIndex = 0; path = delayout.app; sourceTree = BUILT_PRODUCTS_DIR; };
		A342F24622C7C37600E8D426 /* AppDelegate.swift */ = {isa = PBXFileReference; lastKnownFileType = sourcecode.swift; path = AppDelegate.swift; sourceTree = "<group>"; };
		A342F24822C7C37600E8D426 /* ViewController.swift */ = {isa = PBXFileReference; lastKnownFileType = sourcecode.swift; path = ViewController.swift; sourceTree = "<group>"; };
		A342F24B22C7C37600E8D426 /* Base */ = {isa = PBXFileReference; lastKnownFileType = file.storyboard; name = Base; path = Base.lproj/Main.storyboard; sourceTree = "<group>"; };
		A342F24D22C7C37900E8D426 /* Assets.xcassets */ = {isa = PBXFileReference; lastKnownFileType = folder.assetcatalog; path = Assets.xcassets; sourceTree = "<group>"; };
		A342F25022C7C37900E8D426 /* Base */ = {isa = PBXFileReference; lastKnownFileType = file.storyboard; name = Base; path = Base.lproj/LaunchScreen.storyboard; sourceTree = "<group>"; };
		A342F25222C7C37900E8D426 /* Info.plist */ = {isa = PBXFileReference; lastKnownFileType = text.plist.xml; path = Info.plist; sourceTree = "<group>"; };
		A342F25922C7C3BA00E8D426 /* LayoutDimension.swift */ = {isa = PBXFileReference; fileEncoding = 4; lastKnownFileType = sourcecode.swift; path = LayoutDimension.swift; sourceTree = "<group>"; };
		A342F25A22C7C3BA00E8D426 /* UIView+layout.swift */ = {isa = PBXFileReference; fileEncoding = 4; lastKnownFileType = sourcecode.swift; path = "UIView+layout.swift"; sourceTree = "<group>"; };
		A342F25B22C7C3BA00E8D426 /* LayoutDimensionProperty.swift */ = {isa = PBXFileReference; fileEncoding = 4; lastKnownFileType = sourcecode.swift; path = LayoutDimensionProperty.swift; sourceTree = "<group>"; };
		A342F25C22C7C3BA00E8D426 /* LayoutAnchor.swift */ = {isa = PBXFileReference; fileEncoding = 4; lastKnownFileType = sourcecode.swift; path = LayoutAnchor.swift; sourceTree = "<group>"; };
		A342F25D22C7C3BA00E8D426 /* LayoutAnchorProperty.swift */ = {isa = PBXFileReference; fileEncoding = 4; lastKnownFileType = sourcecode.swift; path = LayoutAnchorProperty.swift; sourceTree = "<group>"; };
		A342F25E22C7C3BA00E8D426 /* LayoutProxy.swift */ = {isa = PBXFileReference; fileEncoding = 4; lastKnownFileType = sourcecode.swift; path = LayoutProxy.swift; sourceTree = "<group>"; };
		A365946422C9849F0055AF70 /* OperatorsOverloading.swift */ = {isa = PBXFileReference; lastKnownFileType = sourcecode.swift; path = OperatorsOverloading.swift; sourceTree = "<group>"; };
/* End PBXFileReference section */

/* Begin PBXFrameworksBuildPhase section */
		A342F24022C7C37600E8D426 /* Frameworks */ = {
			isa = PBXFrameworksBuildPhase;
			buildActionMask = 2147483647;
			files = (
			);
			runOnlyForDeploymentPostprocessing = 0;
		};
/* End PBXFrameworksBuildPhase section */

/* Begin PBXGroup section */
		A342F23A22C7C37600E8D426 = {
			isa = PBXGroup;
			children = (
				A342F24522C7C37600E8D426 /* delayout */,
				A342F24422C7C37600E8D426 /* Products */,
			);
			sourceTree = "<group>";
		};
		A342F24422C7C37600E8D426 /* Products */ = {
			isa = PBXGroup;
			children = (
				A342F24322C7C37600E8D426 /* delayout.app */,
			);
			name = Products;
			sourceTree = "<group>";
		};
		A342F24522C7C37600E8D426 /* delayout */ = {
			isa = PBXGroup;
			children = (
				A342F26722C7C3EA00E8D426 /* demo */,
				A342F26522C7C3CF00E8D426 /* application */,
				A342F25822C7C39900E8D426 /* delayout */,
				A342F25222C7C37900E8D426 /* Info.plist */,
			);
			path = delayout;
			sourceTree = "<group>";
		};
		A342F25822C7C39900E8D426 /* delayout */ = {
			isa = PBXGroup;
			children = (
				A342F25C22C7C3BA00E8D426 /* LayoutAnchor.swift */,
				A342F25D22C7C3BA00E8D426 /* LayoutAnchorProperty.swift */,
				A342F25922C7C3BA00E8D426 /* LayoutDimension.swift */,
				A342F25B22C7C3BA00E8D426 /* LayoutDimensionProperty.swift */,
				A342F25E22C7C3BA00E8D426 /* LayoutProxy.swift */,
				A342F25A22C7C3BA00E8D426 /* UIView+layout.swift */,
				A365946422C9849F0055AF70 /* OperatorsOverloading.swift */,
			);
			path = delayout;
			sourceTree = "<group>";
		};
		A342F26522C7C3CF00E8D426 /* application */ = {
			isa = PBXGroup;
			children = (
				A342F24622C7C37600E8D426 /* AppDelegate.swift */,
			);
			path = application;
			sourceTree = "<group>";
		};
		A342F26722C7C3EA00E8D426 /* demo */ = {
			isa = PBXGroup;
			children = (
				A342F24822C7C37600E8D426 /* ViewController.swift */,
				A342F24A22C7C37600E8D426 /* Main.storyboard */,
				A342F24D22C7C37900E8D426 /* Assets.xcassets */,
				A342F24F22C7C37900E8D426 /* LaunchScreen.storyboard */,
			);
			path = demo;
			sourceTree = "<group>";
		};
/* End PBXGroup section */

/* Begin PBXNativeTarget section */
		A342F24222C7C37600E8D426 /* delayout */ = {
			isa = PBXNativeTarget;
			buildConfigurationList = A342F25522C7C37900E8D426 /* Build configuration list for PBXNativeTarget "delayout" */;
			buildPhases = (
				A342F23F22C7C37600E8D426 /* Sources */,
				A342F24022C7C37600E8D426 /* Frameworks */,
				A342F24122C7C37600E8D426 /* Resources */,
			);
			buildRules = (
			);
			dependencies = (
			);
			name = delayout;
			productName = delayout;
			productReference = A342F24322C7C37600E8D426 /* delayout.app */;
			productType = "com.apple.product-type.application";
		};
/* End PBXNativeTarget section */

/* Begin PBXProject section */
		A342F23B22C7C37600E8D426 /* Project object */ = {
			isa = PBXProject;
			attributes = {
				LastSwiftUpdateCheck = 1020;
				LastUpgradeCheck = 1020;
				ORGANIZATIONNAME = "Bruno Rocha";
				TargetAttributes = {
					A342F24222C7C37600E8D426 = {
						CreatedOnToolsVersion = 10.2.1;
					};
				};
			};
			buildConfigurationList = A342F23E22C7C37600E8D426 /* Build configuration list for PBXProject "delayout" */;
			compatibilityVersion = "Xcode 9.3";
			developmentRegion = en;
			hasScannedForEncodings = 0;
			knownRegions = (
				en,
				Base,
			);
			mainGroup = A342F23A22C7C37600E8D426;
			productRefGroup = A342F24422C7C37600E8D426 /* Products */;
			projectDirPath = "";
			projectRoot = "";
			targets = (
				A342F24222C7C37600E8D426 /* delayout */,
			);
		};
/* End PBXProject section */

/* Begin PBXResourcesBuildPhase section */
		A342F24122C7C37600E8D426 /* Resources */ = {
			isa = PBXResourcesBuildPhase;
			buildActionMask = 2147483647;
			files = (
				A342F25122C7C37900E8D426 /* LaunchScreen.storyboard in Resources */,
				A342F24E22C7C37900E8D426 /* Assets.xcassets in Resources */,
				A342F24C22C7C37600E8D426 /* Main.storyboard in Resources */,
			);
			runOnlyForDeploymentPostprocessing = 0;
		};
/* End PBXResourcesBuildPhase section */

/* Begin PBXSourcesBuildPhase section */
		A342F23F22C7C37600E8D426 /* Sources */ = {
			isa = PBXSourcesBuildPhase;
			buildActionMask = 2147483647;
			files = (
				A342F26022C7C3BA00E8D426 /* UIView+layout.swift in Sources */,
				A342F24922C7C37600E8D426 /* ViewController.swift in Sources */,
				A342F26122C7C3BA00E8D426 /* LayoutDimensionProperty.swift in Sources */,
				A342F25F22C7C3BA00E8D426 /* LayoutDimension.swift in Sources */,
				A365946522C9849F0055AF70 /* OperatorsOverloading.swift in Sources */,
				A342F26422C7C3BA00E8D426 /* LayoutProxy.swift in Sources */,
				A342F26222C7C3BA00E8D426 /* LayoutAnchor.swift in Sources */,
				A342F24722C7C37600E8D426 /* AppDelegate.swift in Sources */,
				A342F26322C7C3BA00E8D426 /* LayoutAnchorProperty.swift in Sources */,
			);
			runOnlyForDeploymentPostprocessing = 0;
		};
/* End PBXSourcesBuildPhase section */

/* Begin PBXVariantGroup section */
		A342F24A22C7C37600E8D426 /* Main.storyboard */ = {
			isa = PBXVariantGroup;
			children = (
				A342F24B22C7C37600E8D426 /* Base */,
			);
			name = Main.storyboard;
			sourceTree = "<group>";
		};
		A342F24F22C7C37900E8D426 /* LaunchScreen.storyboard */ = {
			isa = PBXVariantGroup;
			children = (
				A342F25022C7C37900E8D426 /* Base */,
			);
			name = LaunchScreen.storyboard;
			sourceTree = "<group>";
		};
/* End PBXVariantGroup section */

/* Begin XCBuildConfiguration section */
		A342F25322C7C37900E8D426 /* Debug */ = {
			isa = XCBuildConfiguration;
			buildSettings = {
				ALWAYS_SEARCH_USER_PATHS = NO;
				CLANG_ANALYZER_NONNULL = YES;
				CLANG_ANALYZER_NUMBER_OBJECT_CONVERSION = YES_AGGRESSIVE;
				CLANG_CXX_LANGUAGE_STANDARD = "gnu++14";
				CLANG_CXX_LIBRARY = "libc++";
				CLANG_ENABLE_MODULES = YES;
				CLANG_ENABLE_OBJC_ARC = YES;
				CLANG_ENABLE_OBJC_WEAK = YES;
				CLANG_WARN_BLOCK_CAPTURE_AUTORELEASING = YES;
				CLANG_WARN_BOOL_CONVERSION = YES;
				CLANG_WARN_COMMA = YES;
				CLANG_WARN_CONSTANT_CONVERSION = YES;
				CLANG_WARN_DEPRECATED_OBJC_IMPLEMENTATIONS = YES;
				CLANG_WARN_DIRECT_OBJC_ISA_USAGE = YES_ERROR;
				CLANG_WARN_DOCUMENTATION_COMMENTS = YES;
				CLANG_WARN_EMPTY_BODY = YES;
				CLANG_WARN_ENUM_CONVERSION = YES;
				CLANG_WARN_INFINITE_RECURSION = YES;
				CLANG_WARN_INT_CONVERSION = YES;
				CLANG_WARN_NON_LITERAL_NULL_CONVERSION = YES;
				CLANG_WARN_OBJC_IMPLICIT_RETAIN_SELF = YES;
				CLANG_WARN_OBJC_LITERAL_CONVERSION = YES;
				CLANG_WARN_OBJC_ROOT_CLASS = YES_ERROR;
				CLANG_WARN_RANGE_LOOP_ANALYSIS = YES;
				CLANG_WARN_STRICT_PROTOTYPES = YES;
				CLANG_WARN_SUSPICIOUS_MOVE = YES;
				CLANG_WARN_UNGUARDED_AVAILABILITY = YES_AGGRESSIVE;
				CLANG_WARN_UNREACHABLE_CODE = YES;
				CLANG_WARN__DUPLICATE_METHOD_MATCH = YES;
				CODE_SIGN_IDENTITY = "iPhone Developer";
				COPY_PHASE_STRIP = NO;
				DEBUG_INFORMATION_FORMAT = dwarf;
				ENABLE_STRICT_OBJC_MSGSEND = YES;
				ENABLE_TESTABILITY = YES;
				GCC_C_LANGUAGE_STANDARD = gnu11;
				GCC_DYNAMIC_NO_PIC = NO;
				GCC_NO_COMMON_BLOCKS = YES;
				GCC_OPTIMIZATION_LEVEL = 0;
				GCC_PREPROCESSOR_DEFINITIONS = (
					"DEBUG=1",
					"$(inherited)",
				);
				GCC_WARN_64_TO_32_BIT_CONVERSION = YES;
				GCC_WARN_ABOUT_RETURN_TYPE = YES_ERROR;
				GCC_WARN_UNDECLARED_SELECTOR = YES;
				GCC_WARN_UNINITIALIZED_AUTOS = YES_AGGRESSIVE;
				GCC_WARN_UNUSED_FUNCTION = YES;
				GCC_WARN_UNUSED_VARIABLE = YES;
				IPHONEOS_DEPLOYMENT_TARGET = 12.2;
				MTL_ENABLE_DEBUG_INFO = INCLUDE_SOURCE;
				MTL_FAST_MATH = YES;
				ONLY_ACTIVE_ARCH = YES;
				SDKROOT = iphoneos;
				SWIFT_ACTIVE_COMPILATION_CONDITIONS = DEBUG;
				SWIFT_OPTIMIZATION_LEVEL = "-Onone";
			};
			name = Debug;
		};
		A342F25422C7C37900E8D426 /* Release */ = {
			isa = XCBuildConfiguration;
			buildSettings = {
				ALWAYS_SEARCH_USER_PATHS = NO;
				CLANG_ANALYZER_NONNULL = YES;
				CLANG_ANALYZER_NUMBER_OBJECT_CONVERSION = YES_AGGRESSIVE;
				CLANG_CXX_LANGUAGE_STANDARD = "gnu++14";
				CLANG_CXX_LIBRARY = "libc++";
				CLANG_ENABLE_MODULES = YES;
				CLANG_ENABLE_OBJC_ARC = YES;
				CLANG_ENABLE_OBJC_WEAK = YES;
				CLANG_WARN_BLOCK_CAPTURE_AUTORELEASING = YES;
				CLANG_WARN_BOOL_CONVERSION = YES;
				CLANG_WARN_COMMA = YES;
				CLANG_WARN_CONSTANT_CONVERSION = YES;
				CLANG_WARN_DEPRECATED_OBJC_IMPLEMENTATIONS = YES;
				CLANG_WARN_DIRECT_OBJC_ISA_USAGE = YES_ERROR;
				CLANG_WARN_DOCUMENTATION_COMMENTS = YES;
				CLANG_WARN_EMPTY_BODY = YES;
				CLANG_WARN_ENUM_CONVERSION = YES;
				CLANG_WARN_INFINITE_RECURSION = YES;
				CLANG_WARN_INT_CONVERSION = YES;
				CLANG_WARN_NON_LITERAL_NULL_CONVERSION = YES;
				CLANG_WARN_OBJC_IMPLICIT_RETAIN_SELF = YES;
				CLANG_WARN_OBJC_LITERAL_CONVERSION = YES;
				CLANG_WARN_OBJC_ROOT_CLASS = YES_ERROR;
				CLANG_WARN_RANGE_LOOP_ANALYSIS = YES;
				CLANG_WARN_STRICT_PROTOTYPES = YES;
				CLANG_WARN_SUSPICIOUS_MOVE = YES;
				CLANG_WARN_UNGUARDED_AVAILABILITY = YES_AGGRESSIVE;
				CLANG_WARN_UNREACHABLE_CODE = YES;
				CLANG_WARN__DUPLICATE_METHOD_MATCH = YES;
				CODE_SIGN_IDENTITY = "iPhone Developer";
				COPY_PHASE_STRIP = NO;
				DEBUG_INFORMATION_FORMAT = "dwarf-with-dsym";
				ENABLE_NS_ASSERTIONS = NO;
				ENABLE_STRICT_OBJC_MSGSEND = YES;
				GCC_C_LANGUAGE_STANDARD = gnu11;
				GCC_NO_COMMON_BLOCKS = YES;
				GCC_WARN_64_TO_32_BIT_CONVERSION = YES;
				GCC_WARN_ABOUT_RETURN_TYPE = YES_ERROR;
				GCC_WARN_UNDECLARED_SELECTOR = YES;
				GCC_WARN_UNINITIALIZED_AUTOS = YES_AGGRESSIVE;
				GCC_WARN_UNUSED_FUNCTION = YES;
				GCC_WARN_UNUSED_VARIABLE = YES;
				IPHONEOS_DEPLOYMENT_TARGET = 12.2;
				MTL_ENABLE_DEBUG_INFO = NO;
				MTL_FAST_MATH = YES;
				SDKROOT = iphoneos;
				SWIFT_COMPILATION_MODE = wholemodule;
				SWIFT_OPTIMIZATION_LEVEL = "-O";
				VALIDATE_PRODUCT = YES;
			};
			name = Release;
		};
		A342F25622C7C37900E8D426 /* Debug */ = {
			isa = XCBuildConfiguration;
			buildSettings = {
				ASSETCATALOG_COMPILER_APPICON_NAME = AppIcon;
				CODE_SIGN_STYLE = Automatic;
				DEVELOPMENT_TEAM = MK2CL4Y92D;
				INFOPLIST_FILE = delayout/Info.plist;
				LD_RUNPATH_SEARCH_PATHS = (
					"$(inherited)",
					"@executable_path/Frameworks",
				);
				PRODUCT_BUNDLE_IDENTIFIER = com.project.delayout;
				PRODUCT_NAME = "$(TARGET_NAME)";
				SWIFT_VERSION = 5.0;
				TARGETED_DEVICE_FAMILY = "1,2";
			};
			name = Debug;
		};
		A342F25722C7C37900E8D426 /* Release */ = {
			isa = XCBuildConfiguration;
			buildSettings = {
				ASSETCATALOG_COMPILER_APPICON_NAME = AppIcon;
				CODE_SIGN_STYLE = Automatic;
				DEVELOPMENT_TEAM = MK2CL4Y92D;
				INFOPLIST_FILE = delayout/Info.plist;
				LD_RUNPATH_SEARCH_PATHS = (
					"$(inherited)",
					"@executable_path/Frameworks",
				);
				PRODUCT_BUNDLE_IDENTIFIER = com.project.delayout;
				PRODUCT_NAME = "$(TARGET_NAME)";
				SWIFT_VERSION = 5.0;
				TARGETED_DEVICE_FAMILY = "1,2";
			};
			name = Release;
		};
/* End XCBuildConfiguration section */

/* Begin XCConfigurationList section */
		A342F23E22C7C37600E8D426 /* Build configuration list for PBXProject "delayout" */ = {
			isa = XCConfigurationList;
			buildConfigurations = (
				A342F25322C7C37900E8D426 /* Debug */,
				A342F25422C7C37900E8D426 /* Release */,
			);
			defaultConfigurationIsVisible = 0;
			defaultConfigurationName = Release;
		};
		A342F25522C7C37900E8D426 /* Build configuration list for PBXNativeTarget "delayout" */ = {
			isa = XCConfigurationList;
			buildConfigurations = (
				A342F25622C7C37900E8D426 /* Debug */,
				A342F25722C7C37900E8D426 /* Release */,
			);
			defaultConfigurationIsVisible = 0;
			defaultConfigurationName = Release;
		};
/* End XCConfigurationList section */
	};
	rootObject = A342F23B22C7C37600E8D426 /* Project object */;
}
